// !$*UTF8*$!
{
	archiveVersion = 1;
	classes = {
	};
	objectVersion = 46;
	objects = {

/* Begin PBXBuildFile section */
		A7AFFC671C5E781300EAD65D /* AppDelegate.swift in Sources */ = {isa = PBXBuildFile; fileRef = A7AFFC661C5E781300EAD65D /* AppDelegate.swift */; };
		A7AFFC691C5E781300EAD65D /* ViewController.swift in Sources */ = {isa = PBXBuildFile; fileRef = A7AFFC681C5E781300EAD65D /* ViewController.swift */; };
		A7AFFC6C1C5E781300EAD65D /* Main.storyboard in Resources */ = {isa = PBXBuildFile; fileRef = A7AFFC6A1C5E781300EAD65D /* Main.storyboard */; };
		A7AFFC6E1C5E781300EAD65D /* Assets.xcassets in Resources */ = {isa = PBXBuildFile; fileRef = A7AFFC6D1C5E781300EAD65D /* Assets.xcassets */; };
		A7AFFC711C5E781300EAD65D /* LaunchScreen.storyboard in Resources */ = {isa = PBXBuildFile; fileRef = A7AFFC6F1C5E781300EAD65D /* LaunchScreen.storyboard */; };
		A7AFFC7C1C5E781300EAD65D /* hackatbrown_tutorial_testTests.swift in Sources */ = {isa = PBXBuildFile; fileRef = A7AFFC7B1C5E781300EAD65D /* hackatbrown_tutorial_testTests.swift */; };
		A7AFFC871C5E781300EAD65D /* hackatbrown_tutorial_testUITests.swift in Sources */ = {isa = PBXBuildFile; fileRef = A7AFFC861C5E781300EAD65D /* hackatbrown_tutorial_testUITests.swift */; };
/* End PBXBuildFile section */

/* Begin PBXContainerItemProxy section */
		A7AFFC781C5E781300EAD65D /* PBXContainerItemProxy */ = {
			isa = PBXContainerItemProxy;
			containerPortal = A7AFFC5B1C5E781300EAD65D /* Project object */;
			proxyType = 1;
			remoteGlobalIDString = A7AFFC621C5E781300EAD65D;
			remoteInfo = "hackatbrown-tutorial-test";
		};
		A7AFFC831C5E781300EAD65D /* PBXContainerItemProxy */ = {
			isa = PBXContainerItemProxy;
			containerPortal = A7AFFC5B1C5E781300EAD65D /* Project object */;
			proxyType = 1;
			remoteGlobalIDString = A7AFFC621C5E781300EAD65D;
			remoteInfo = "hackatbrown-tutorial-test";
		};
/* End PBXContainerItemProxy section */

/* Begin PBXFileReference section */
		A7AFFC631C5E781300EAD65D /* hackatbrown-tutorial-test.app */ = {isa = PBXFileReference; explicitFileType = wrapper.application; includeInIndex = 0; path = "hackatbrown-tutorial-test.app"; sourceTree = BUILT_PRODUCTS_DIR; };
		A7AFFC661C5E781300EAD65D /* AppDelegate.swift */ = {isa = PBXFileReference; lastKnownFileType = sourcecode.swift; path = AppDelegate.swift; sourceTree = "<group>"; };
		A7AFFC681C5E781300EAD65D /* ViewController.swift */ = {isa = PBXFileReference; lastKnownFileType = sourcecode.swift; path = ViewController.swift; sourceTree = "<group>"; };
		A7AFFC6B1C5E781300EAD65D /* Base */ = {isa = PBXFileReference; lastKnownFileType = file.storyboard; name = Base; path = Base.lproj/Main.storyboard; sourceTree = "<group>"; };
		A7AFFC6D1C5E781300EAD65D /* Assets.xcassets */ = {isa = PBXFileReference; lastKnownFileType = folder.assetcatalog; path = Assets.xcassets; sourceTree = "<group>"; };
		A7AFFC701C5E781300EAD65D /* Base */ = {isa = PBXFileReference; lastKnownFileType = file.storyboard; name = Base; path = Base.lproj/LaunchScreen.storyboard; sourceTree = "<group>"; };
		A7AFFC721C5E781300EAD65D /* Info.plist */ = {isa = PBXFileReference; lastKnownFileType = text.plist.xml; path = Info.plist; sourceTree = "<group>"; };
		A7AFFC771C5E781300EAD65D /* hackatbrown-tutorial-testTests.xctest */ = {isa = PBXFileReference; explicitFileType = wrapper.cfbundle; includeInIndex = 0; path = "hackatbrown-tutorial-testTests.xctest"; sourceTree = BUILT_PRODUCTS_DIR; };
		A7AFFC7B1C5E781300EAD65D /* hackatbrown_tutorial_testTests.swift */ = {isa = PBXFileReference; lastKnownFileType = sourcecode.swift; path = hackatbrown_tutorial_testTests.swift; sourceTree = "<group>"; };
		A7AFFC7D1C5E781300EAD65D /* Info.plist */ = {isa = PBXFileReference; lastKnownFileType = text.plist.xml; path = Info.plist; sourceTree = "<group>"; };
		A7AFFC821C5E781300EAD65D /* hackatbrown-tutorial-testUITests.xctest */ = {isa = PBXFileReference; explicitFileType = wrapper.cfbundle; includeInIndex = 0; path = "hackatbrown-tutorial-testUITests.xctest"; sourceTree = BUILT_PRODUCTS_DIR; };
		A7AFFC861C5E781300EAD65D /* hackatbrown_tutorial_testUITests.swift */ = {isa = PBXFileReference; lastKnownFileType = sourcecode.swift; path = hackatbrown_tutorial_testUITests.swift; sourceTree = "<group>"; };
		A7AFFC881C5E781300EAD65D /* Info.plist */ = {isa = PBXFileReference; lastKnownFileType = text.plist.xml; path = Info.plist; sourceTree = "<group>"; };
/* End PBXFileReference section */

/* Begin PBXFrameworksBuildPhase section */
		A7AFFC601C5E781300EAD65D /* Frameworks */ = {
			isa = PBXFrameworksBuildPhase;
			buildActionMask = 2147483647;
			files = (
			);
			runOnlyForDeploymentPostprocessing = 0;
		};
		A7AFFC741C5E781300EAD65D /* Frameworks */ = {
			isa = PBXFrameworksBuildPhase;
			buildActionMask = 2147483647;
			files = (
			);
			runOnlyForDeploymentPostprocessing = 0;
		};
		A7AFFC7F1C5E781300EAD65D /* Frameworks */ = {
			isa = PBXFrameworksBuildPhase;
			buildActionMask = 2147483647;
			files = (
			);
			runOnlyForDeploymentPostprocessing = 0;
		};
/* End PBXFrameworksBuildPhase section */

/* Begin PBXGroup section */
		A7AFFC5A1C5E781300EAD65D = {
			isa = PBXGroup;
			children = (
				A7AFFC651C5E781300EAD65D /* hackatbrown-tutorial-test */,
				A7AFFC7A1C5E781300EAD65D /* hackatbrown-tutorial-testTests */,
				A7AFFC851C5E781300EAD65D /* hackatbrown-tutorial-testUITests */,
				A7AFFC641C5E781300EAD65D /* Products */,
			);
			sourceTree = "<group>";
		};
		A7AFFC641C5E781300EAD65D /* Products */ = {
			isa = PBXGroup;
			children = (
				A7AFFC631C5E781300EAD65D /* hackatbrown-tutorial-test.app */,
				A7AFFC771C5E781300EAD65D /* hackatbrown-tutorial-testTests.xctest */,
				A7AFFC821C5E781300EAD65D /* hackatbrown-tutorial-testUITests.xctest */,
			);
			name = Products;
			sourceTree = "<group>";
		};
		A7AFFC651C5E781300EAD65D /* hackatbrown-tutorial-test */ = {
			isa = PBXGroup;
			children = (
				A7AFFC661C5E781300EAD65D /* AppDelegate.swift */,
				A7AFFC681C5E781300EAD65D /* ViewController.swift */,
				A7AFFC6A1C5E781300EAD65D /* Main.storyboard */,
				A7AFFC6D1C5E781300EAD65D /* Assets.xcassets */,
				A7AFFC6F1C5E781300EAD65D /* LaunchScreen.storyboard */,
				A7AFFC721C5E781300EAD65D /* Info.plist */,
			);
			path = "hackatbrown-tutorial-test";
			sourceTree = "<group>";
		};
		A7AFFC7A1C5E781300EAD65D /* hackatbrown-tutorial-testTests */ = {
			isa = PBXGroup;
			children = (
				A7AFFC7B1C5E781300EAD65D /* hackatbrown_tutorial_testTests.swift */,
				A7AFFC7D1C5E781300EAD65D /* Info.plist */,
			);
			path = "hackatbrown-tutorial-testTests";
			sourceTree = "<group>";
		};
		A7AFFC851C5E781300EAD65D /* hackatbrown-tutorial-testUITests */ = {
			isa = PBXGroup;
			children = (
				A7AFFC861C5E781300EAD65D /* hackatbrown_tutorial_testUITests.swift */,
				A7AFFC881C5E781300EAD65D /* Info.plist */,
			);
			path = "hackatbrown-tutorial-testUITests";
			sourceTree = "<group>";
		};
/* End PBXGroup section */

/* Begin PBXNativeTarget section */
		A7AFFC621C5E781300EAD65D /* hackatbrown-tutorial-test */ = {
			isa = PBXNativeTarget;
			buildConfigurationList = A7AFFC8B1C5E781300EAD65D /* Build configuration list for PBXNativeTarget "hackatbrown-tutorial-test" */;
			buildPhases = (
				A7AFFC5F1C5E781300EAD65D /* Sources */,
				A7AFFC601C5E781300EAD65D /* Frameworks */,
				A7AFFC611C5E781300EAD65D /* Resources */,
			);
			buildRules = (
			);
			dependencies = (
			);
			name = "hackatbrown-tutorial-test";
			productName = "hackatbrown-tutorial-test";
			productReference = A7AFFC631C5E781300EAD65D /* hackatbrown-tutorial-test.app */;
			productType = "com.apple.product-type.application";
		};
		A7AFFC761C5E781300EAD65D /* hackatbrown-tutorial-testTests */ = {
			isa = PBXNativeTarget;
			buildConfigurationList = A7AFFC8E1C5E781300EAD65D /* Build configuration list for PBXNativeTarget "hackatbrown-tutorial-testTests" */;
			buildPhases = (
				A7AFFC731C5E781300EAD65D /* Sources */,
				A7AFFC741C5E781300EAD65D /* Frameworks */,
				A7AFFC751C5E781300EAD65D /* Resources */,
			);
			buildRules = (
			);
			dependencies = (
				A7AFFC791C5E781300EAD65D /* PBXTargetDependency */,
			);
			name = "hackatbrown-tutorial-testTests";
			productName = "hackatbrown-tutorial-testTests";
			productReference = A7AFFC771C5E781300EAD65D /* hackatbrown-tutorial-testTests.xctest */;
			productType = "com.apple.product-type.bundle.unit-test";
		};
		A7AFFC811C5E781300EAD65D /* hackatbrown-tutorial-testUITests */ = {
			isa = PBXNativeTarget;
			buildConfigurationList = A7AFFC911C5E781300EAD65D /* Build configuration list for PBXNativeTarget "hackatbrown-tutorial-testUITests" */;
			buildPhases = (
				A7AFFC7E1C5E781300EAD65D /* Sources */,
				A7AFFC7F1C5E781300EAD65D /* Frameworks */,
				A7AFFC801C5E781300EAD65D /* Resources */,
			);
			buildRules = (
			);
			dependencies = (
				A7AFFC841C5E781300EAD65D /* PBXTargetDependency */,
			);
			name = "hackatbrown-tutorial-testUITests";
			productName = "hackatbrown-tutorial-testUITests";
			productReference = A7AFFC821C5E781300EAD65D /* hackatbrown-tutorial-testUITests.xctest */;
			productType = "com.apple.product-type.bundle.ui-testing";
		};
/* End PBXNativeTarget section */

/* Begin PBXProject section */
		A7AFFC5B1C5E781300EAD65D /* Project object */ = {
			isa = PBXProject;
			attributes = {
				LastSwiftUpdateCheck = 0720;
				LastUpgradeCheck = 0720;
				ORGANIZATIONNAME = "Valpe Technologies";
				TargetAttributes = {
					A7AFFC621C5E781300EAD65D = {
						CreatedOnToolsVersion = 7.2;
					};
					A7AFFC761C5E781300EAD65D = {
						CreatedOnToolsVersion = 7.2;
						TestTargetID = A7AFFC621C5E781300EAD65D;
					};
					A7AFFC811C5E781300EAD65D = {
						CreatedOnToolsVersion = 7.2;
						TestTargetID = A7AFFC621C5E781300EAD65D;
					};
				};
			};
			buildConfigurationList = A7AFFC5E1C5E781300EAD65D /* Build configuration list for PBXProject "hackatbrown-tutorial-test" */;
			compatibilityVersion = "Xcode 3.2";
			developmentRegion = English;
			hasScannedForEncodings = 0;
			knownRegions = (
				en,
				Base,
			);
			mainGroup = A7AFFC5A1C5E781300EAD65D;
			productRefGroup = A7AFFC641C5E781300EAD65D /* Products */;
			projectDirPath = "";
			projectRoot = "";
			targets = (
				A7AFFC621C5E781300EAD65D /* hackatbrown-tutorial-test */,
				A7AFFC761C5E781300EAD65D /* hackatbrown-tutorial-testTests */,
				A7AFFC811C5E781300EAD65D /* hackatbrown-tutorial-testUITests */,
			);
		};
/* End PBXProject section */

/* Begin PBXResourcesBuildPhase section */
		A7AFFC611C5E781300EAD65D /* Resources */ = {
			isa = PBXResourcesBuildPhase;
			buildActionMask = 2147483647;
			files = (
				A7AFFC711C5E781300EAD65D /* LaunchScreen.storyboard in Resources */,
				A7AFFC6E1C5E781300EAD65D /* Assets.xcassets in Resources */,
				A7AFFC6C1C5E781300EAD65D /* Main.storyboard in Resources */,
			);
			runOnlyForDeploymentPostprocessing = 0;
		};
		A7AFFC751C5E781300EAD65D /* Resources */ = {
			isa = PBXResourcesBuildPhase;
			buildActionMask = 2147483647;
			files = (
			);
			runOnlyForDeploymentPostprocessing = 0;
		};
		A7AFFC801C5E781300EAD65D /* Resources */ = {
			isa = PBXResourcesBuildPhase;
			buildActionMask = 2147483647;
			files = (
			);
			runOnlyForDeploymentPostprocessing = 0;
		};
/* End PBXResourcesBuildPhase section */

/* Begin PBXSourcesBuildPhase section */
		A7AFFC5F1C5E781300EAD65D /* Sources */ = {
			isa = PBXSourcesBuildPhase;
			buildActionMask = 2147483647;
			files = (
				A7AFFC691C5E781300EAD65D /* ViewController.swift in Sources */,
				A7AFFC671C5E781300EAD65D /* AppDelegate.swift in Sources */,
			);
			runOnlyForDeploymentPostprocessing = 0;
		};
		A7AFFC731C5E781300EAD65D /* Sources */ = {
			isa = PBXSourcesBuildPhase;
			buildActionMask = 2147483647;
			files = (
				A7AFFC7C1C5E781300EAD65D /* hackatbrown_tutorial_testTests.swift in Sources */,
			);
			runOnlyForDeploymentPostprocessing = 0;
		};
		A7AFFC7E1C5E781300EAD65D /* Sources */ = {
			isa = PBXSourcesBuildPhase;
			buildActionMask = 2147483647;
			files = (
				A7AFFC871C5E781300EAD65D /* hackatbrown_tutorial_testUITests.swift in Sources */,
			);
			runOnlyForDeploymentPostprocessing = 0;
		};
/* End PBXSourcesBuildPhase section */

/* Begin PBXTargetDependency section */
		A7AFFC791C5E781300EAD65D /* PBXTargetDependency */ = {
			isa = PBXTargetDependency;
			target = A7AFFC621C5E781300EAD65D /* hackatbrown-tutorial-test */;
			targetProxy = A7AFFC781C5E781300EAD65D /* PBXContainerItemProxy */;
		};
		A7AFFC841C5E781300EAD65D /* PBXTargetDependency */ = {
			isa = PBXTargetDependency;
			target = A7AFFC621C5E781300EAD65D /* hackatbrown-tutorial-test */;
			targetProxy = A7AFFC831C5E781300EAD65D /* PBXContainerItemProxy */;
		};
/* End PBXTargetDependency section */

/* Begin PBXVariantGroup section */
		A7AFFC6A1C5E781300EAD65D /* Main.storyboard */ = {
			isa = PBXVariantGroup;
			children = (
				A7AFFC6B1C5E781300EAD65D /* Base */,
			);
			name = Main.storyboard;
			sourceTree = "<group>";
		};
		A7AFFC6F1C5E781300EAD65D /* LaunchScreen.storyboard */ = {
			isa = PBXVariantGroup;
			children = (
				A7AFFC701C5E781300EAD65D /* Base */,
			);
			name = LaunchScreen.storyboard;
			sourceTree = "<group>";
		};
/* End PBXVariantGroup section */

/* Begin XCBuildConfiguration section */
		A7AFFC891C5E781300EAD65D /* Debug */ = {
			isa = XCBuildConfiguration;
			buildSettings = {
				ALWAYS_SEARCH_USER_PATHS = NO;
				CLANG_CXX_LANGUAGE_STANDARD = "gnu++0x";
				CLANG_CXX_LIBRARY = "libc++";
				CLANG_ENABLE_MODULES = YES;
				CLANG_ENABLE_OBJC_ARC = YES;
				CLANG_WARN_BOOL_CONVERSION = YES;
				CLANG_WARN_CONSTANT_CONVERSION = YES;
				CLANG_WARN_DIRECT_OBJC_ISA_USAGE = YES_ERROR;
				CLANG_WARN_EMPTY_BODY = YES;
				CLANG_WARN_ENUM_CONVERSION = YES;
				CLANG_WARN_INT_CONVERSION = YES;
				CLANG_WARN_OBJC_ROOT_CLASS = YES_ERROR;
				CLANG_WARN_UNREACHABLE_CODE = YES;
				CLANG_WARN__DUPLICATE_METHOD_MATCH = YES;
				"CODE_SIGN_IDENTITY[sdk=iphoneos*]" = "iPhone Developer";
				COPY_PHASE_STRIP = NO;
				DEBUG_INFORMATION_FORMAT = dwarf;
				ENABLE_STRICT_OBJC_MSGSEND = YES;
				ENABLE_TESTABILITY = YES;
				GCC_C_LANGUAGE_STANDARD = gnu99;
				GCC_DYNAMIC_NO_PIC = NO;
				GCC_NO_COMMON_BLOCKS = YES;
				GCC_OPTIMIZATION_LEVEL = 0;
				GCC_PREPROCESSOR_DEFINITIONS = (
					"DEBUG=1",
					"$(inherited)",
				);
				GCC_WARN_64_TO_32_BIT_CONVERSION = YES;
				GCC_WARN_ABOUT_RETURN_TYPE = YES_ERROR;
				GCC_WARN_UNDECLARED_SELECTOR = YES;
				GCC_WARN_UNINITIALIZED_AUTOS = YES_AGGRESSIVE;
				GCC_WARN_UNUSED_FUNCTION = YES;
				GCC_WARN_UNUSED_VARIABLE = YES;
				IPHONEOS_DEPLOYMENT_TARGET = 9.2;
				MTL_ENABLE_DEBUG_INFO = YES;
				ONLY_ACTIVE_ARCH = YES;
				SDKROOT = iphoneos;
				SWIFT_OPTIMIZATION_LEVEL = "-Onone";
			};
			name = Debug;
		};
		A7AFFC8A1C5E781300EAD65D /* Release */ = {
			isa = XCBuildConfiguration;
			buildSettings = {
				ALWAYS_SEARCH_USER_PATHS = NO;
				CLANG_CXX_LANGUAGE_STANDARD = "gnu++0x";
				CLANG_CXX_LIBRARY = "libc++";
				CLANG_ENABLE_MODULES = YES;
				CLANG_ENABLE_OBJC_ARC = YES;
				CLANG_WARN_BOOL_CONVERSION = YES;
				CLANG_WARN_CONSTANT_CONVERSION = YES;
				CLANG_WARN_DIRECT_OBJC_ISA_USAGE = YES_ERROR;
				CLANG_WARN_EMPTY_BODY = YES;
				CLANG_WARN_ENUM_CONVERSION = YES;
				CLANG_WARN_INT_CONVERSION = YES;
				CLANG_WARN_OBJC_ROOT_CLASS = YES_ERROR;
				CLANG_WARN_UNREACHABLE_CODE = YES;
				CLANG_WARN__DUPLICATE_METHOD_MATCH = YES;
				"CODE_SIGN_IDENTITY[sdk=iphoneos*]" = "iPhone Developer";
				COPY_PHASE_STRIP = NO;
				DEBUG_INFORMATION_FORMAT = "dwarf-with-dsym";
				ENABLE_NS_ASSERTIONS = NO;
				ENABLE_STRICT_OBJC_MSGSEND = YES;
				GCC_C_LANGUAGE_STANDARD = gnu99;
				GCC_NO_COMMON_BLOCKS = YES;
				GCC_WARN_64_TO_32_BIT_CONVERSION = YES;
				GCC_WARN_ABOUT_RETURN_TYPE = YES_ERROR;
				GCC_WARN_UNDECLARED_SELECTOR = YES;
				GCC_WARN_UNINITIALIZED_AUTOS = YES_AGGRESSIVE;
				GCC_WARN_UNUSED_FUNCTION = YES;
				GCC_WARN_UNUSED_VARIABLE = YES;
				IPHONEOS_DEPLOYMENT_TARGET = 9.2;
				MTL_ENABLE_DEBUG_INFO = NO;
				SDKROOT = iphoneos;
				VALIDATE_PRODUCT = YES;
			};
			name = Release;
		};
		A7AFFC8C1C5E781300EAD65D /* Debug */ = {
			isa = XCBuildConfiguration;
			buildSettings = {
				ASSETCATALOG_COMPILER_APPICON_NAME = AppIcon;
				INFOPLIST_FILE = "hackatbrown-tutorial-test/Info.plist";
				LD_RUNPATH_SEARCH_PATHS = "$(inherited) @executable_path/Frameworks";
				PRODUCT_BUNDLE_IDENTIFIER = "Valpe-Technologies.hackatbrown-tutorial-test";
				PRODUCT_NAME = "$(TARGET_NAME)";
			};
			name = Debug;
		};
		A7AFFC8D1C5E781300EAD65D /* Release */ = {
			isa = XCBuildConfiguration;
			buildSettings = {
				ASSETCATALOG_COMPILER_APPICON_NAME = AppIcon;
				INFOPLIST_FILE = "hackatbrown-tutorial-test/Info.plist";
				LD_RUNPATH_SEARCH_PATHS = "$(inherited) @executable_path/Frameworks";
				PRODUCT_BUNDLE_IDENTIFIER = "Valpe-Technologies.hackatbrown-tutorial-test";
				PRODUCT_NAME = "$(TARGET_NAME)";
			};
			name = Release;
		};
		A7AFFC8F1C5E781300EAD65D /* Debug */ = {
			isa = XCBuildConfiguration;
			buildSettings = {
				BUNDLE_LOADER = "$(TEST_HOST)";
				INFOPLIST_FILE = "hackatbrown-tutorial-testTests/Info.plist";
				LD_RUNPATH_SEARCH_PATHS = "$(inherited) @executable_path/Frameworks @loader_path/Frameworks";
				PRODUCT_BUNDLE_IDENTIFIER = "Valpe-Technologies.hackatbrown-tutorial-testTests";
				PRODUCT_NAME = "$(TARGET_NAME)";
				TEST_HOST = "$(BUILT_PRODUCTS_DIR)/hackatbrown-tutorial-test.app/hackatbrown-tutorial-test";
			};
			name = Debug;
		};
		A7AFFC901C5E781300EAD65D /* Release */ = {
			isa = XCBuildConfiguration;
			buildSettings = {
				BUNDLE_LOADER = "$(TEST_HOST)";
				INFOPLIST_FILE = "hackatbrown-tutorial-testTests/Info.plist";
				LD_RUNPATH_SEARCH_PATHS = "$(inherited) @executable_path/Frameworks @loader_path/Frameworks";
				PRODUCT_BUNDLE_IDENTIFIER = "Valpe-Technologies.hackatbrown-tutorial-testTests";
				PRODUCT_NAME = "$(TARGET_NAME)";
				TEST_HOST = "$(BUILT_PRODUCTS_DIR)/hackatbrown-tutorial-test.app/hackatbrown-tutorial-test";
			};
			name = Release;
		};
		A7AFFC921C5E781300EAD65D /* Debug */ = {
			isa = XCBuildConfiguration;
			buildSettings = {
				INFOPLIST_FILE = "hackatbrown-tutorial-testUITests/Info.plist";
				LD_RUNPATH_SEARCH_PATHS = "$(inherited) @executable_path/Frameworks @loader_path/Frameworks";
				PRODUCT_BUNDLE_IDENTIFIER = "Valpe-Technologies.hackatbrown-tutorial-testUITests";
				PRODUCT_NAME = "$(TARGET_NAME)";
				TEST_TARGET_NAME = "hackatbrown-tutorial-test";
				USES_XCTRUNNER = YES;
			};
			name = Debug;
		};
		A7AFFC931C5E781300EAD65D /* Release */ = {
			isa = XCBuildConfiguration;
			buildSettings = {
				INFOPLIST_FILE = "hackatbrown-tutorial-testUITests/Info.plist";
				LD_RUNPATH_SEARCH_PATHS = "$(inherited) @executable_path/Frameworks @loader_path/Frameworks";
				PRODUCT_BUNDLE_IDENTIFIER = "Valpe-Technologies.hackatbrown-tutorial-testUITests";
				PRODUCT_NAME = "$(TARGET_NAME)";
				TEST_TARGET_NAME = "hackatbrown-tutorial-test";
				USES_XCTRUNNER = YES;
			};
			name = Release;
		};
/* End XCBuildConfiguration section */

/* Begin XCConfigurationList section */
		A7AFFC5E1C5E781300EAD65D /* Build configuration list for PBXProject "hackatbrown-tutorial-test" */ = {
			isa = XCConfigurationList;
			buildConfigurations = (
				A7AFFC891C5E781300EAD65D /* Debug */,
				A7AFFC8A1C5E781300EAD65D /* Release */,
			);
			defaultConfigurationIsVisible = 0;
			defaultConfigurationName = Release;
		};
		A7AFFC8B1C5E781300EAD65D /* Build configuration list for PBXNativeTarget "hackatbrown-tutorial-test" */ = {
			isa = XCConfigurationList;
			buildConfigurations = (
				A7AFFC8C1C5E781300EAD65D /* Debug */,
				A7AFFC8D1C5E781300EAD65D /* Release */,
			);
			defaultConfigurationIsVisible = 0;
		};
		A7AFFC8E1C5E781300EAD65D /* Build configuration list for PBXNativeTarget "hackatbrown-tutorial-testTests" */ = {
			isa = XCConfigurationList;
			buildConfigurations = (
				A7AFFC8F1C5E781300EAD65D /* Debug */,
				A7AFFC901C5E781300EAD65D /* Release */,
			);
			defaultConfigurationIsVisible = 0;
		};
		A7AFFC911C5E781300EAD65D /* Build configuration list for PBXNativeTarget "hackatbrown-tutorial-testUITests" */ = {
			isa = XCConfigurationList;
			buildConfigurations = (
				A7AFFC921C5E781300EAD65D /* Debug */,
				A7AFFC931C5E781300EAD65D /* Release */,
			);
			defaultConfigurationIsVisible = 0;
		};
/* End XCConfigurationList section */
	};
	rootObject = A7AFFC5B1C5E781300EAD65D /* Project object */;
}
